
Microsoft Visual Studio Solution File, Format Version 12.00
# Visual Studio 15
VisualStudioVersion = 15.0.28010.2041
MinimumVisualStudioVersion = 10.0.40219.1
Project("{FAE04EC0-301F-11D3-BF4B-00C04F79EFBC}") = "ADS3", "ADS3\ADS3.csproj", "{76FBC348-0D21-4ABB-916C-D66BA53A5C41}"
EndProject
Global
	GlobalSection(SolutionConfigurationPlatforms) = preSolution
		Debug|Any CPU = Debug|Any CPU
		Release|Any CPU = Release|Any CPU
	EndGlobalSection
	GlobalSection(ProjectConfigurationPlatforms) = postSolution
		{76FBC348-0D21-4ABB-916C-D66BA53A5C41}.Debug|Any CPU.ActiveCfg = Debug|Any CPU
		{76FBC348-0D21-4ABB-916C-D66BA53A5C41}.Debug|Any CPU.Build.0 = Debug|Any CPU
		{76FBC348-0D21-4ABB-916C-D66BA53A5C41}.Release|Any CPU.ActiveCfg = Release|Any CPU
		{76FBC348-0D21-4ABB-916C-D66BA53A5C41}.Release|Any CPU.Build.0 = Release|Any CPU
	EndGlobalSection
	GlobalSection(SolutionProperties) = preSolution
		HideSolutionNode = FALSE
	EndGlobalSection
	GlobalSection(ExtensibilityGlobals) = postSolution
		SolutionGuid = {0F144948-F7D6-4F7C-9815-C865310FF073}
	EndGlobalSection
EndGlobal
